
Microsoft Visual Studio Solution File, Format Version 12.00
# Visual Studio 15
VisualStudioVersion = 15.0.27703.2000
MinimumVisualStudioVersion = 10.0.40219.1
Project("{9A19103F-16F7-4668-BE54-9A1E7A4F7556}") = "ESFA.DC.ILR.FundingService.FM35.Service", "ESFA.DC.ILR.FundingService.FM35.Service\ESFA.DC.ILR.FundingService.FM35.Service.csproj", "{60AD973D-EF59-476E-B598-15686495720D}"
EndProject
Project("{9A19103F-16F7-4668-BE54-9A1E7A4F7556}") = "ESFA.DC.ILR.FundingService.FM35.ExternalData", "ESFA.DC.ILR.FundingService.FM35.ExternalData\ESFA.DC.ILR.FundingService.FM35.ExternalData.csproj", "{E5627E4C-80BC-4FBA-8EEA-FBE3F8358DEA}"
EndProject
Project("{9A19103F-16F7-4668-BE54-9A1E7A4F7556}") = "ESFA.DC.ILR.FundingService.FM35.Service.Interface", "ESFA.DC.ILR.FundingService.FM35.Service.Interface\ESFA.DC.ILR.FundingService.FM35.Service.Interface.csproj", "{AFECB0F1-AC81-4AD4-9754-54EDC7F3B9C9}"
EndProject
Project("{FAE04EC0-301F-11D3-BF4B-00C04F79EFBC}") = "ESFA.DC.ILR.FundingService.FM35.Console", "ESFA.DC.ILR.FundingService.FM35.Console\ESFA.DC.ILR.FundingService.FM35.Console.csproj", "{9059F0A8-AF82-4E83-8A66-CA3F1B56D5B2}"
EndProject
Project("{FAE04EC0-301F-11D3-BF4B-00C04F79EFBC}") = "ESFA.DC.ILR.FundingService.FM35.Service.Tests", "ESFA.DC.ILR.FundingService.FM35.Service.Tests\ESFA.DC.ILR.FundingService.FM35.Service.Tests.csproj", "{5670FDA8-7C73-4DF5-88F1-70970BC86230}"
EndProject
Project("{FAE04EC0-301F-11D3-BF4B-00C04F79EFBC}") = "ESFA.DC.ILR.FundingService.FM35.ExternalData.Tests", "ESFA.DC.ILR.FundingService.FM35.ExternalData.Tests\ESFA.DC.ILR.FundingService.FM35.ExternalData.Tests.csproj", "{18936C41-9C63-4973-AD3B-5838DCB2427E}"
EndProject
Project("{9A19103F-16F7-4668-BE54-9A1E7A4F7556}") = "ESFA.DC.ILR.FundingService.FM35.Stubs", "ESFA.DC.ILR.FundingService.FM35.Stubs\ESFA.DC.ILR.FundingService.FM35.Stubs.csproj", "{3A05EE91-3A8B-4EA2-9F26-AC766CF465FC}"
EndProject
Project("{9A19103F-16F7-4668-BE54-9A1E7A4F7556}") = "ESFA.DC.ILR.FundingService.FM35.InternalData", "ESFA.DC.ILR.FundingService.FM35.InternalData\ESFA.DC.ILR.FundingService.FM35.InternalData.csproj", "{ABF1BD70-DD79-44D9-8573-DAE4A4383C2A}"
EndProject
Project("{9A19103F-16F7-4668-BE54-9A1E7A4F7556}") = "ESFA.DC.ILR.FundingService.FM35.InternalData.Interface", "ESFA.DC.ILR.FundingService.FM35.InternalData.Interface\ESFA.DC.ILR.FundingService.FM35.InternalData.Interface.csproj", "{6822FB5C-7792-444E-93DC-11254C9E6BF5}"
EndProject
Project("{FAE04EC0-301F-11D3-BF4B-00C04F79EFBC}") = "ESFA.DC.ILR.FundingService.FM35.InternalData.Tests", "ESFA.DC.ILR.FundingService.FM35.InternalData.Tests\ESFA.DC.ILR.FundingService.FM35.InternalData.Tests.csproj", "{C7D80299-CFD6-45C6-97CE-32B195E6101C}"
EndProject
Project("{FAE04EC0-301F-11D3-BF4B-00C04F79EFBC}") = "ESFA.DC.ILR.FundingService.FM35.Contexts.Tests", "ESFA.DC.ILR.FundingService.FM35.Contexts.Tests\ESFA.DC.ILR.FundingService.FM35.Contexts.Tests.csproj", "{54C2096F-46B5-4F94-B4FC-11B4EF48C0D8}"
EndProject
Project("{9A19103F-16F7-4668-BE54-9A1E7A4F7556}") = "ESFA.DC.ILR.FundingService.FM35.Contexts", "ESFA.DC.ILR.FundingService.FM35.Contexts\ESFA.DC.ILR.FundingService.FM35.Contexts.csproj", "{B004E60E-82E4-4044-8DB2-4E48F30E07C6}"
EndProject
Project("{FAE04EC0-301F-11D3-BF4B-00C04F79EFBC}") = "ESFA.DC.ILR.FundingService.FM35.FundingOutput.Model", "ESFA.DC.ILR.FundingService.FM35.FundingOutput.Model\ESFA.DC.ILR.FundingService.FM35.FundingOutput.Model.csproj", "{7541EB49-DDCD-46B9-8919-80909D0C1A5C}"
EndProject
Project("{FAE04EC0-301F-11D3-BF4B-00C04F79EFBC}") = "ESFA.DC.ILR.FundingService.FM35.FundingOutput.Model.Interface", "ESFA.DC.ILR.FundingService.FM35.FundingOutput.Model.Interface\ESFA.DC.ILR.FundingService.FM35.FundingOutput.Model.Interface.csproj", "{9A01F8EF-6C64-424C-9DE3-A697631E4004}"
EndProject
Project("{FAE04EC0-301F-11D3-BF4B-00C04F79EFBC}") = "ESFA.DC.ILR.FundingService.FM35.FundingOutput.Service", "ESFA.DC.ILR.FundingService.FM35.FundingOutput.Service\ESFA.DC.ILR.FundingService.FM35.FundingOutput.Service.csproj", "{5FE52B2F-B11A-41AC-83B1-026BB53C8D82}"
EndProject
Project("{FAE04EC0-301F-11D3-BF4B-00C04F79EFBC}") = "ESFA.DC.ILR.FundingService.FM35.FundingOutput.Service.Interface", "ESFA.DC.ILR.FundingService.FM35.FundingOutput.Service.Interface\ESFA.DC.ILR.FundingService.FM35.FundingOutput.Service.Interface.csproj", "{720F5DA0-59F8-4833-86CA-C1725250E1CA}"
EndProject
Project("{FAE04EC0-301F-11D3-BF4B-00C04F79EFBC}") = "ESFA.DC.ILR.FundingService.FM35.FundingOutput.Model.Tests", "ESFA.DC.ILR.FundingService.FM35.FundingOutput.Model.Tests\ESFA.DC.ILR.FundingService.FM35.FundingOutput.Model.Tests.csproj", "{D5D71ADC-C2DE-47D7-B168-DC159F842F9D}"
EndProject
Project("{FAE04EC0-301F-11D3-BF4B-00C04F79EFBC}") = "ESFA.DC.ILR.FundingService.FM35.FundingOutput.Service.Tests", "ESFA.DC.ILR.FundingService.FM35.FundingOutput.Service.Tests\ESFA.DC.ILR.FundingService.FM35.FundingOutput.Service.Tests.csproj", "{A2E42AB5-D3E1-4912-AE7D-3C09C25595B4}"
EndProject
Global
	GlobalSection(SolutionConfigurationPlatforms) = preSolution
		Debug|Any CPU = Debug|Any CPU
		Release|Any CPU = Release|Any CPU
	EndGlobalSection
	GlobalSection(ProjectConfigurationPlatforms) = postSolution
		{60AD973D-EF59-476E-B598-15686495720D}.Debug|Any CPU.ActiveCfg = Debug|Any CPU
		{60AD973D-EF59-476E-B598-15686495720D}.Debug|Any CPU.Build.0 = Debug|Any CPU
		{60AD973D-EF59-476E-B598-15686495720D}.Release|Any CPU.ActiveCfg = Release|Any CPU
		{60AD973D-EF59-476E-B598-15686495720D}.Release|Any CPU.Build.0 = Release|Any CPU
		{E5627E4C-80BC-4FBA-8EEA-FBE3F8358DEA}.Debug|Any CPU.ActiveCfg = Debug|Any CPU
		{E5627E4C-80BC-4FBA-8EEA-FBE3F8358DEA}.Debug|Any CPU.Build.0 = Debug|Any CPU
		{E5627E4C-80BC-4FBA-8EEA-FBE3F8358DEA}.Release|Any CPU.ActiveCfg = Release|Any CPU
		{E5627E4C-80BC-4FBA-8EEA-FBE3F8358DEA}.Release|Any CPU.Build.0 = Release|Any CPU
		{AFECB0F1-AC81-4AD4-9754-54EDC7F3B9C9}.Debug|Any CPU.ActiveCfg = Debug|Any CPU
		{AFECB0F1-AC81-4AD4-9754-54EDC7F3B9C9}.Debug|Any CPU.Build.0 = Debug|Any CPU
		{AFECB0F1-AC81-4AD4-9754-54EDC7F3B9C9}.Release|Any CPU.ActiveCfg = Release|Any CPU
		{AFECB0F1-AC81-4AD4-9754-54EDC7F3B9C9}.Release|Any CPU.Build.0 = Release|Any CPU
		{9059F0A8-AF82-4E83-8A66-CA3F1B56D5B2}.Debug|Any CPU.ActiveCfg = Debug|Any CPU
		{9059F0A8-AF82-4E83-8A66-CA3F1B56D5B2}.Debug|Any CPU.Build.0 = Debug|Any CPU
		{9059F0A8-AF82-4E83-8A66-CA3F1B56D5B2}.Release|Any CPU.ActiveCfg = Release|Any CPU
		{9059F0A8-AF82-4E83-8A66-CA3F1B56D5B2}.Release|Any CPU.Build.0 = Release|Any CPU
		{5670FDA8-7C73-4DF5-88F1-70970BC86230}.Debug|Any CPU.ActiveCfg = Debug|Any CPU
		{5670FDA8-7C73-4DF5-88F1-70970BC86230}.Debug|Any CPU.Build.0 = Debug|Any CPU
		{5670FDA8-7C73-4DF5-88F1-70970BC86230}.Release|Any CPU.ActiveCfg = Release|Any CPU
		{5670FDA8-7C73-4DF5-88F1-70970BC86230}.Release|Any CPU.Build.0 = Release|Any CPU
		{18936C41-9C63-4973-AD3B-5838DCB2427E}.Debug|Any CPU.ActiveCfg = Debug|Any CPU
		{18936C41-9C63-4973-AD3B-5838DCB2427E}.Debug|Any CPU.Build.0 = Debug|Any CPU
		{18936C41-9C63-4973-AD3B-5838DCB2427E}.Release|Any CPU.ActiveCfg = Release|Any CPU
		{18936C41-9C63-4973-AD3B-5838DCB2427E}.Release|Any CPU.Build.0 = Release|Any CPU
		{3A05EE91-3A8B-4EA2-9F26-AC766CF465FC}.Debug|Any CPU.ActiveCfg = Debug|Any CPU
		{3A05EE91-3A8B-4EA2-9F26-AC766CF465FC}.Debug|Any CPU.Build.0 = Debug|Any CPU
		{3A05EE91-3A8B-4EA2-9F26-AC766CF465FC}.Release|Any CPU.ActiveCfg = Release|Any CPU
		{3A05EE91-3A8B-4EA2-9F26-AC766CF465FC}.Release|Any CPU.Build.0 = Release|Any CPU
		{ABF1BD70-DD79-44D9-8573-DAE4A4383C2A}.Debug|Any CPU.ActiveCfg = Debug|Any CPU
		{ABF1BD70-DD79-44D9-8573-DAE4A4383C2A}.Debug|Any CPU.Build.0 = Debug|Any CPU
		{ABF1BD70-DD79-44D9-8573-DAE4A4383C2A}.Release|Any CPU.ActiveCfg = Release|Any CPU
		{ABF1BD70-DD79-44D9-8573-DAE4A4383C2A}.Release|Any CPU.Build.0 = Release|Any CPU
		{6822FB5C-7792-444E-93DC-11254C9E6BF5}.Debug|Any CPU.ActiveCfg = Debug|Any CPU
		{6822FB5C-7792-444E-93DC-11254C9E6BF5}.Debug|Any CPU.Build.0 = Debug|Any CPU
		{6822FB5C-7792-444E-93DC-11254C9E6BF5}.Release|Any CPU.ActiveCfg = Release|Any CPU
		{6822FB5C-7792-444E-93DC-11254C9E6BF5}.Release|Any CPU.Build.0 = Release|Any CPU
		{C7D80299-CFD6-45C6-97CE-32B195E6101C}.Debug|Any CPU.ActiveCfg = Debug|Any CPU
		{C7D80299-CFD6-45C6-97CE-32B195E6101C}.Debug|Any CPU.Build.0 = Debug|Any CPU
		{C7D80299-CFD6-45C6-97CE-32B195E6101C}.Release|Any CPU.ActiveCfg = Release|Any CPU
		{C7D80299-CFD6-45C6-97CE-32B195E6101C}.Release|Any CPU.Build.0 = Release|Any CPU
		{54C2096F-46B5-4F94-B4FC-11B4EF48C0D8}.Debug|Any CPU.ActiveCfg = Debug|Any CPU
		{54C2096F-46B5-4F94-B4FC-11B4EF48C0D8}.Debug|Any CPU.Build.0 = Debug|Any CPU
		{54C2096F-46B5-4F94-B4FC-11B4EF48C0D8}.Release|Any CPU.ActiveCfg = Release|Any CPU
		{54C2096F-46B5-4F94-B4FC-11B4EF48C0D8}.Release|Any CPU.Build.0 = Release|Any CPU
		{B004E60E-82E4-4044-8DB2-4E48F30E07C6}.Debug|Any CPU.ActiveCfg = Debug|Any CPU
		{B004E60E-82E4-4044-8DB2-4E48F30E07C6}.Debug|Any CPU.Build.0 = Debug|Any CPU
		{B004E60E-82E4-4044-8DB2-4E48F30E07C6}.Release|Any CPU.ActiveCfg = Release|Any CPU
		{B004E60E-82E4-4044-8DB2-4E48F30E07C6}.Release|Any CPU.Build.0 = Release|Any CPU
		{7541EB49-DDCD-46B9-8919-80909D0C1A5C}.Debug|Any CPU.ActiveCfg = Debug|Any CPU
		{7541EB49-DDCD-46B9-8919-80909D0C1A5C}.Debug|Any CPU.Build.0 = Debug|Any CPU
		{7541EB49-DDCD-46B9-8919-80909D0C1A5C}.Release|Any CPU.ActiveCfg = Release|Any CPU
		{7541EB49-DDCD-46B9-8919-80909D0C1A5C}.Release|Any CPU.Build.0 = Release|Any CPU
		{9A01F8EF-6C64-424C-9DE3-A697631E4004}.Debug|Any CPU.ActiveCfg = Debug|Any CPU
		{9A01F8EF-6C64-424C-9DE3-A697631E4004}.Debug|Any CPU.Build.0 = Debug|Any CPU
		{9A01F8EF-6C64-424C-9DE3-A697631E4004}.Release|Any CPU.ActiveCfg = Release|Any CPU
		{9A01F8EF-6C64-424C-9DE3-A697631E4004}.Release|Any CPU.Build.0 = Release|Any CPU
		{5FE52B2F-B11A-41AC-83B1-026BB53C8D82}.Debug|Any CPU.ActiveCfg = Debug|Any CPU
		{5FE52B2F-B11A-41AC-83B1-026BB53C8D82}.Debug|Any CPU.Build.0 = Debug|Any CPU
		{5FE52B2F-B11A-41AC-83B1-026BB53C8D82}.Release|Any CPU.ActiveCfg = Release|Any CPU
		{5FE52B2F-B11A-41AC-83B1-026BB53C8D82}.Release|Any CPU.Build.0 = Release|Any CPU
		{720F5DA0-59F8-4833-86CA-C1725250E1CA}.Debug|Any CPU.ActiveCfg = Debug|Any CPU
		{720F5DA0-59F8-4833-86CA-C1725250E1CA}.Debug|Any CPU.Build.0 = Debug|Any CPU
		{720F5DA0-59F8-4833-86CA-C1725250E1CA}.Release|Any CPU.ActiveCfg = Release|Any CPU
		{720F5DA0-59F8-4833-86CA-C1725250E1CA}.Release|Any CPU.Build.0 = Release|Any CPU
		{D5D71ADC-C2DE-47D7-B168-DC159F842F9D}.Debug|Any CPU.ActiveCfg = Debug|Any CPU
		{D5D71ADC-C2DE-47D7-B168-DC159F842F9D}.Debug|Any CPU.Build.0 = Debug|Any CPU
		{D5D71ADC-C2DE-47D7-B168-DC159F842F9D}.Release|Any CPU.ActiveCfg = Release|Any CPU
		{D5D71ADC-C2DE-47D7-B168-DC159F842F9D}.Release|Any CPU.Build.0 = Release|Any CPU
		{A2E42AB5-D3E1-4912-AE7D-3C09C25595B4}.Debug|Any CPU.ActiveCfg = Debug|Any CPU
		{A2E42AB5-D3E1-4912-AE7D-3C09C25595B4}.Debug|Any CPU.Build.0 = Debug|Any CPU
		{A2E42AB5-D3E1-4912-AE7D-3C09C25595B4}.Release|Any CPU.ActiveCfg = Release|Any CPU
		{A2E42AB5-D3E1-4912-AE7D-3C09C25595B4}.Release|Any CPU.Build.0 = Release|Any CPU
	EndGlobalSection
	GlobalSection(SolutionProperties) = preSolution
		HideSolutionNode = FALSE
	EndGlobalSection
	GlobalSection(ExtensibilityGlobals) = postSolution
		SolutionGuid = {FFF6EA36-7193-43D7-ABDE-8DF6F692923B}
	EndGlobalSection
EndGlobal
